
Microsoft Visual Studio Solution File, Format Version 12.00
# Visual Studio Version 17
VisualStudioVersion = 17.8.34330.188
MinimumVisualStudioVersion = 10.0.40219.1
Project("{9A19103F-16F7-4668-BE54-9A1E7A4F7556}") = "Employee.WebApi", "Employee.WebApi.csproj", "{A3C3FA6D-AA74-4CFB-9769-96BB19877C19}"
EndProject
Project("{9A19103F-16F7-4668-BE54-9A1E7A4F7556}") = "Employee.WebApi.BLL", "EmployeeConsole.BLL\Employee.WebApi.BLL.csproj", "{27D81753-7B4B-4740-A6D1-067D6628E44C}"
EndProject
Project("{9A19103F-16F7-4668-BE54-9A1E7A4F7556}") = "Employee.WebApi.DAL", "EmployeeConsole.DAL\Employee.WebApi.DAL.csproj", "{1CE9CB0B-2A3A-46CF-869F-508784E4B9DF}"
EndProject
Project("{9A19103F-16F7-4668-BE54-9A1E7A4F7556}") = "Employee.WebApi.Models", "EmployeeConsole.Models\Employee.WebApi.Models.csproj", "{BD21FB67-B4EC-4799-8F82-008A5A6E3194}"
EndProject
Global
	GlobalSection(SolutionConfigurationPlatforms) = preSolution
		Debug|Any CPU = Debug|Any CPU
		Release|Any CPU = Release|Any CPU
	EndGlobalSection
	GlobalSection(ProjectConfigurationPlatforms) = postSolution
		{A3C3FA6D-AA74-4CFB-9769-96BB19877C19}.Debug|Any CPU.ActiveCfg = Debug|Any CPU
		{A3C3FA6D-AA74-4CFB-9769-96BB19877C19}.Debug|Any CPU.Build.0 = Debug|Any CPU
		{A3C3FA6D-AA74-4CFB-9769-96BB19877C19}.Release|Any CPU.ActiveCfg = Release|Any CPU
		{A3C3FA6D-AA74-4CFB-9769-96BB19877C19}.Release|Any CPU.Build.0 = Release|Any CPU
		{27D81753-7B4B-4740-A6D1-067D6628E44C}.Debug|Any CPU.ActiveCfg = Debug|Any CPU
		{27D81753-7B4B-4740-A6D1-067D6628E44C}.Debug|Any CPU.Build.0 = Debug|Any CPU
		{27D81753-7B4B-4740-A6D1-067D6628E44C}.Release|Any CPU.ActiveCfg = Release|Any CPU
		{27D81753-7B4B-4740-A6D1-067D6628E44C}.Release|Any CPU.Build.0 = Release|Any CPU
		{1CE9CB0B-2A3A-46CF-869F-508784E4B9DF}.Debug|Any CPU.ActiveCfg = Debug|Any CPU
		{1CE9CB0B-2A3A-46CF-869F-508784E4B9DF}.Debug|Any CPU.Build.0 = Debug|Any CPU
		{1CE9CB0B-2A3A-46CF-869F-508784E4B9DF}.Release|Any CPU.ActiveCfg = Release|Any CPU
		{1CE9CB0B-2A3A-46CF-869F-508784E4B9DF}.Release|Any CPU.Build.0 = Release|Any CPU
		{BD21FB67-B4EC-4799-8F82-008A5A6E3194}.Debug|Any CPU.ActiveCfg = Debug|Any CPU
		{BD21FB67-B4EC-4799-8F82-008A5A6E3194}.Debug|Any CPU.Build.0 = Debug|Any CPU
		{BD21FB67-B4EC-4799-8F82-008A5A6E3194}.Release|Any CPU.ActiveCfg = Release|Any CPU
		{BD21FB67-B4EC-4799-8F82-008A5A6E3194}.Release|Any CPU.Build.0 = Release|Any CPU
	EndGlobalSection
	GlobalSection(SolutionProperties) = preSolution
		HideSolutionNode = FALSE
	EndGlobalSection
	GlobalSection(ExtensibilityGlobals) = postSolution
		SolutionGuid = {3A48AE49-1ED8-46FE-A521-6218C508C04B}
	EndGlobalSection
EndGlobal
